
Microsoft Visual Studio Solution File, Format Version 12.00
# Visual Studio Version 17
VisualStudioVersion = 17.10.34916.146
MinimumVisualStudioVersion = 10.0.40219.1
Project("{FAE04EC0-301F-11D3-BF4B-00C04F79EFBC}") = "finance", "finance.csproj", "{99AB40AC-0790-4449-A94F-916050DDA938}"
EndProject
Global
	GlobalSection(SolutionConfigurationPlatforms) = preSolution
		Debug|Any CPU = Debug|Any CPU
		Release|Any CPU = Release|Any CPU
	EndGlobalSection
	GlobalSection(ProjectConfigurationPlatforms) = postSolution
		{99AB40AC-0790-4449-A94F-916050DDA938}.Debug|Any CPU.ActiveCfg = Debug|Any CPU
		{99AB40AC-0790-4449-A94F-916050DDA938}.Debug|Any CPU.Build.0 = Debug|Any CPU
		{99AB40AC-0790-4449-A94F-916050DDA938}.Release|Any CPU.ActiveCfg = Release|Any CPU
		{99AB40AC-0790-4449-A94F-916050DDA938}.Release|Any CPU.Build.0 = Release|Any CPU
	EndGlobalSection
	GlobalSection(SolutionProperties) = preSolution
		HideSolutionNode = FALSE
	EndGlobalSection
	GlobalSection(ExtensibilityGlobals) = postSolution
		SolutionGuid = {B75C2B30-5FF4-4576-A922-067314179A17}
	EndGlobalSection
EndGlobal
